
Microsoft Visual Studio Solution File, Format Version 12.00
# Visual Studio Version 17
VisualStudioVersion = 17.2.32602.215
MinimumVisualStudioVersion = 10.0.40219.1
Project("{9A19103F-16F7-4668-BE54-9A1E7A4F7556}") = "ETicaretProjesi.API", "ETicaretProjesi.API\ETicaretProjesi.API.csproj", "{1054812E-7FAC-41E2-A841-F5808580521F}"
EndProject
Project("{9A19103F-16F7-4668-BE54-9A1E7A4F7556}") = "ETicaretProjesi.Core", "ETicaretProjesi.Core\ETicaretProjesi.Core.csproj", "{5813819E-CC2D-4C65-A708-CBD9249B0752}"
EndProject
Project("{9A19103F-16F7-4668-BE54-9A1E7A4F7556}") = "MyServices", "MyServices\MyServices.csproj", "{4A8E5EB7-69ED-42B1-BE3E-353E96CB3F6F}"
EndProject
Project("{FAE04EC0-301F-11D3-BF4B-00C04F79EFBC}") = "PaymentAPI", "PaymentAPI\PaymentAPI.csproj", "{667FBBAF-A985-4116-93A3-1B97291F1615}"
EndProject
Project("{FAE04EC0-301F-11D3-BF4B-00C04F79EFBC}") = "PaymentAPI.Models", "PaymentAPI.Models\PaymentAPI.Models.csproj", "{BFA266A5-08A3-484C-B15F-2D68BE3F3ECD}"
EndProject
Global
	GlobalSection(SolutionConfigurationPlatforms) = preSolution
		Debug|Any CPU = Debug|Any CPU
		Release|Any CPU = Release|Any CPU
	EndGlobalSection
	GlobalSection(ProjectConfigurationPlatforms) = postSolution
		{1054812E-7FAC-41E2-A841-F5808580521F}.Debug|Any CPU.ActiveCfg = Debug|Any CPU
		{1054812E-7FAC-41E2-A841-F5808580521F}.Debug|Any CPU.Build.0 = Debug|Any CPU
		{1054812E-7FAC-41E2-A841-F5808580521F}.Release|Any CPU.ActiveCfg = Release|Any CPU
		{1054812E-7FAC-41E2-A841-F5808580521F}.Release|Any CPU.Build.0 = Release|Any CPU
		{5813819E-CC2D-4C65-A708-CBD9249B0752}.Debug|Any CPU.ActiveCfg = Debug|Any CPU
		{5813819E-CC2D-4C65-A708-CBD9249B0752}.Debug|Any CPU.Build.0 = Debug|Any CPU
		{5813819E-CC2D-4C65-A708-CBD9249B0752}.Release|Any CPU.ActiveCfg = Release|Any CPU
		{5813819E-CC2D-4C65-A708-CBD9249B0752}.Release|Any CPU.Build.0 = Release|Any CPU
		{4A8E5EB7-69ED-42B1-BE3E-353E96CB3F6F}.Debug|Any CPU.ActiveCfg = Debug|Any CPU
		{4A8E5EB7-69ED-42B1-BE3E-353E96CB3F6F}.Debug|Any CPU.Build.0 = Debug|Any CPU
		{4A8E5EB7-69ED-42B1-BE3E-353E96CB3F6F}.Release|Any CPU.ActiveCfg = Release|Any CPU
		{4A8E5EB7-69ED-42B1-BE3E-353E96CB3F6F}.Release|Any CPU.Build.0 = Release|Any CPU
		{667FBBAF-A985-4116-93A3-1B97291F1615}.Debug|Any CPU.ActiveCfg = Debug|Any CPU
		{667FBBAF-A985-4116-93A3-1B97291F1615}.Debug|Any CPU.Build.0 = Debug|Any CPU
		{667FBBAF-A985-4116-93A3-1B97291F1615}.Release|Any CPU.ActiveCfg = Release|Any CPU
		{667FBBAF-A985-4116-93A3-1B97291F1615}.Release|Any CPU.Build.0 = Release|Any CPU
		{BFA266A5-08A3-484C-B15F-2D68BE3F3ECD}.Debug|Any CPU.ActiveCfg = Debug|Any CPU
		{BFA266A5-08A3-484C-B15F-2D68BE3F3ECD}.Debug|Any CPU.Build.0 = Debug|Any CPU
		{BFA266A5-08A3-484C-B15F-2D68BE3F3ECD}.Release|Any CPU.ActiveCfg = Release|Any CPU
		{BFA266A5-08A3-484C-B15F-2D68BE3F3ECD}.Release|Any CPU.Build.0 = Release|Any CPU
	EndGlobalSection
	GlobalSection(SolutionProperties) = preSolution
		HideSolutionNode = FALSE
	EndGlobalSection
	GlobalSection(ExtensibilityGlobals) = postSolution
		SolutionGuid = {81811DEC-E1D7-417D-BA8C-2EA4C86241E2}
	EndGlobalSection
EndGlobal
